// !$*UTF8*$!
{
	archiveVersion = 1;
	classes = {
	};
	objectVersion = 48;
	objects = {

/* Begin PBXBuildFile section */
		32453B011F7AB24A00E5281E /* AppDelegate.m in Sources */ = {isa = PBXBuildFile; fileRef = 32453B001F7AB24A00E5281E /* AppDelegate.m */; };
		32453B041F7AB24A00E5281E /* ViewController.m in Sources */ = {isa = PBXBuildFile; fileRef = 32453B031F7AB24A00E5281E /* ViewController.m */; };
		32453B071F7AB24A00E5281E /* Main.storyboard in Resources */ = {isa = PBXBuildFile; fileRef = 32453B051F7AB24A00E5281E /* Main.storyboard */; };
		32453B091F7AB24A00E5281E /* Assets.xcassets in Resources */ = {isa = PBXBuildFile; fileRef = 32453B081F7AB24A00E5281E /* Assets.xcassets */; };
		32453B0C1F7AB24A00E5281E /* LaunchScreen.storyboard in Resources */ = {isa = PBXBuildFile; fileRef = 32453B0A1F7AB24A00E5281E /* LaunchScreen.storyboard */; };
		32453B0F1F7AB24A00E5281E /* main.m in Sources */ = {isa = PBXBuildFile; fileRef = 32453B0E1F7AB24A00E5281E /* main.m */; };
/* End PBXBuildFile section */

/* Begin PBXFileReference section */
		32453AFC1F7AB24A00E5281E /* Lesson_14_Blocks.app */ = {isa = PBXFileReference; explicitFileType = wrapper.application; includeInIndex = 0; path = Lesson_14_Blocks.app; sourceTree = BUILT_PRODUCTS_DIR; };
		32453AFF1F7AB24A00E5281E /* AppDelegate.h */ = {isa = PBXFileReference; lastKnownFileType = sourcecode.c.h; path = AppDelegate.h; sourceTree = "<group>"; };
		32453B001F7AB24A00E5281E /* AppDelegate.m */ = {isa = PBXFileReference; lastKnownFileType = sourcecode.c.objc; path = AppDelegate.m; sourceTree = "<group>"; };
		32453B021F7AB24A00E5281E /* ViewController.h */ = {isa = PBXFileReference; lastKnownFileType = sourcecode.c.h; path = ViewController.h; sourceTree = "<group>"; };
		32453B031F7AB24A00E5281E /* ViewController.m */ = {isa = PBXFileReference; lastKnownFileType = sourcecode.c.objc; path = ViewController.m; sourceTree = "<group>"; };
		32453B061F7AB24A00E5281E /* Base */ = {isa = PBXFileReference; lastKnownFileType = file.storyboard; name = Base; path = Base.lproj/Main.storyboard; sourceTree = "<group>"; };
		32453B081F7AB24A00E5281E /* Assets.xcassets */ = {isa = PBXFileReference; lastKnownFileType = folder.assetcatalog; path = Assets.xcassets; sourceTree = "<group>"; };
		32453B0B1F7AB24A00E5281E /* Base */ = {isa = PBXFileReference; lastKnownFileType = file.storyboard; name = Base; path = Base.lproj/LaunchScreen.storyboard; sourceTree = "<group>"; };
		32453B0D1F7AB24A00E5281E /* Info.plist */ = {isa = PBXFileReference; lastKnownFileType = text.plist.xml; path = Info.plist; sourceTree = "<group>"; };
		32453B0E1F7AB24A00E5281E /* main.m */ = {isa = PBXFileReference; lastKnownFileType = sourcecode.c.objc; path = main.m; sourceTree = "<group>"; };
/* End PBXFileReference section */

/* Begin PBXFrameworksBuildPhase section */
		32453AF91F7AB24A00E5281E /* Frameworks */ = {
			isa = PBXFrameworksBuildPhase;
			buildActionMask = 2147483647;
			files = (
			);
			runOnlyForDeploymentPostprocessing = 0;
		};
/* End PBXFrameworksBuildPhase section */

/* Begin PBXGroup section */
		32453AF31F7AB24A00E5281E = {
			isa = PBXGroup;
			children = (
				32453AFE1F7AB24A00E5281E /* Lesson_14_Blocks */,
				32453AFD1F7AB24A00E5281E /* Products */,
			);
			sourceTree = "<group>";
		};
		32453AFD1F7AB24A00E5281E /* Products */ = {
			isa = PBXGroup;
			children = (
				32453AFC1F7AB24A00E5281E /* Lesson_14_Blocks.app */,
			);
			name = Products;
			sourceTree = "<group>";
		};
		32453AFE1F7AB24A00E5281E /* Lesson_14_Blocks */ = {
			isa = PBXGroup;
			children = (
				32453AFF1F7AB24A00E5281E /* AppDelegate.h */,
				32453B001F7AB24A00E5281E /* AppDelegate.m */,
				32453B021F7AB24A00E5281E /* ViewController.h */,
				32453B031F7AB24A00E5281E /* ViewController.m */,
				32453B051F7AB24A00E5281E /* Main.storyboard */,
				32453B081F7AB24A00E5281E /* Assets.xcassets */,
				32453B0A1F7AB24A00E5281E /* LaunchScreen.storyboard */,
				32453B0D1F7AB24A00E5281E /* Info.plist */,
				32453B0E1F7AB24A00E5281E /* main.m */,
			);
			path = Lesson_14_Blocks;
			sourceTree = "<group>";
		};
/* End PBXGroup section */

/* Begin PBXNativeTarget section */
		32453AFB1F7AB24A00E5281E /* Lesson_14_Blocks */ = {
			isa = PBXNativeTarget;
			buildConfigurationList = 32453B121F7AB24A00E5281E /* Build configuration list for PBXNativeTarget "Lesson_14_Blocks" */;
			buildPhases = (
				32453AF81F7AB24A00E5281E /* Sources */,
				32453AF91F7AB24A00E5281E /* Frameworks */,
				32453AFA1F7AB24A00E5281E /* Resources */,
			);
			buildRules = (
			);
			dependencies = (
			);
			name = Lesson_14_Blocks;
			productName = Lesson_14_Blocks;
			productReference = 32453AFC1F7AB24A00E5281E /* Lesson_14_Blocks.app */;
			productType = "com.apple.product-type.application";
		};
/* End PBXNativeTarget section */

/* Begin PBXProject section */
		32453AF41F7AB24A00E5281E /* Project object */ = {
			isa = PBXProject;
			attributes = {
				LastUpgradeCheck = 0900;
				ORGANIZATIONNAME = "Andrey Proskurin";
				TargetAttributes = {
					32453AFB1F7AB24A00E5281E = {
						CreatedOnToolsVersion = 9.0;
						ProvisioningStyle = Automatic;
					};
				};
			};
			buildConfigurationList = 32453AF71F7AB24A00E5281E /* Build configuration list for PBXProject "Lesson_14_Blocks" */;
			compatibilityVersion = "Xcode 8.0";
			developmentRegion = en;
			hasScannedForEncodings = 0;
			knownRegions = (
				en,
				Base,
			);
			mainGroup = 32453AF31F7AB24A00E5281E;
			productRefGroup = 32453AFD1F7AB24A00E5281E /* Products */;
			projectDirPath = "";
			projectRoot = "";
			targets = (
				32453AFB1F7AB24A00E5281E /* Lesson_14_Blocks */,
			);
		};
/* End PBXProject section */

/* Begin PBXResourcesBuildPhase section */
		32453AFA1F7AB24A00E5281E /* Resources */ = {
			isa = PBXResourcesBuildPhase;
			buildActionMask = 2147483647;
			files = (
				32453B0C1F7AB24A00E5281E /* LaunchScreen.storyboard in Resources */,
				32453B091F7AB24A00E5281E /* Assets.xcassets in Resources */,
				32453B071F7AB24A00E5281E /* Main.storyboard in Resources */,
			);
			runOnlyForDeploymentPostprocessing = 0;
		};
/* End PBXResourcesBuildPhase section */

/* Begin PBXSourcesBuildPhase section */
		32453AF81F7AB24A00E5281E /* Sources */ = {
			isa = PBXSourcesBuildPhase;
			buildActionMask = 2147483647;
			files = (
				32453B041F7AB24A00E5281E /* ViewController.m in Sources */,
				32453B0F1F7AB24A00E5281E /* main.m in Sources */,
				32453B011F7AB24A00E5281E /* AppDelegate.m in Sources */,
			);
			runOnlyForDeploymentPostprocessing = 0;
		};
/* End PBXSourcesBuildPhase section */

/* Begin PBXVariantGroup section */
		32453B051F7AB24A00E5281E /* Main.storyboard */ = {
			isa = PBXVariantGroup;
			children = (
				32453B061F7AB24A00E5281E /* Base */,
			);
			name = Main.storyboard;
			sourceTree = "<group>";
		};
		32453B0A1F7AB24A00E5281E /* LaunchScreen.storyboard */ = {
			isa = PBXVariantGroup;
			children = (
				32453B0B1F7AB24A00E5281E /* Base */,
			);
			name = LaunchScreen.storyboard;
			sourceTree = "<group>";
		};
/* End PBXVariantGroup section */

/* Begin XCBuildConfiguration section */
		32453B101F7AB24A00E5281E /* Debug */ = {
			isa = XCBuildConfiguration;
			buildSettings = {
				ALWAYS_SEARCH_USER_PATHS = NO;
				CLANG_ANALYZER_NONNULL = YES;
				CLANG_ANALYZER_NUMBER_OBJECT_CONVERSION = YES_AGGRESSIVE;
				CLANG_CXX_LANGUAGE_STANDARD = "gnu++14";
				CLANG_CXX_LIBRARY = "libc++";
				CLANG_ENABLE_MODULES = YES;
				CLANG_ENABLE_OBJC_ARC = YES;
				CLANG_WARN_BLOCK_CAPTURE_AUTORELEASING = YES;
				CLANG_WARN_BOOL_CONVERSION = YES;
				CLANG_WARN_COMMA = YES;
				CLANG_WARN_CONSTANT_CONVERSION = YES;
				CLANG_WARN_DIRECT_OBJC_ISA_USAGE = YES_ERROR;
				CLANG_WARN_DOCUMENTATION_COMMENTS = YES;
				CLANG_WARN_EMPTY_BODY = YES;
				CLANG_WARN_ENUM_CONVERSION = YES;
				CLANG_WARN_INFINITE_RECURSION = YES;
				CLANG_WARN_INT_CONVERSION = YES;
				CLANG_WARN_NON_LITERAL_NULL_CONVERSION = YES;
				CLANG_WARN_OBJC_LITERAL_CONVERSION = YES;
				CLANG_WARN_OBJC_ROOT_CLASS = YES_ERROR;
				CLANG_WARN_RANGE_LOOP_ANALYSIS = YES;
				CLANG_WARN_STRICT_PROTOTYPES = YES;
				CLANG_WARN_SUSPICIOUS_MOVE = YES;
				CLANG_WARN_UNGUARDED_AVAILABILITY = YES_AGGRESSIVE;
				CLANG_WARN_UNREACHABLE_CODE = YES;
				CLANG_WARN__DUPLICATE_METHOD_MATCH = YES;
				CODE_SIGN_IDENTITY = "iPhone Developer";
				COPY_PHASE_STRIP = NO;
				DEBUG_INFORMATION_FORMAT = dwarf;
				ENABLE_STRICT_OBJC_MSGSEND = YES;
				ENABLE_TESTABILITY = YES;
				GCC_C_LANGUAGE_STANDARD = gnu11;
				GCC_DYNAMIC_NO_PIC = NO;
				GCC_NO_COMMON_BLOCKS = YES;
				GCC_OPTIMIZATION_LEVEL = 0;
				GCC_PREPROCESSOR_DEFINITIONS = (
					"DEBUG=1",
					"$(inherited)",
				);
				GCC_WARN_64_TO_32_BIT_CONVERSION = YES;
				GCC_WARN_ABOUT_RETURN_TYPE = YES_ERROR;
				GCC_WARN_UNDECLARED_SELECTOR = YES;
				GCC_WARN_UNINITIALIZED_AUTOS = YES_AGGRESSIVE;
				GCC_WARN_UNUSED_FUNCTION = YES;
				GCC_WARN_UNUSED_VARIABLE = YES;
				IPHONEOS_DEPLOYMENT_TARGET = 11.0;
				MTL_ENABLE_DEBUG_INFO = YES;
				ONLY_ACTIVE_ARCH = YES;
				SDKROOT = iphoneos;
			};
			name = Debug;
		};
		32453B111F7AB24A00E5281E /* Release */ = {
			isa = XCBuildConfiguration;
			buildSettings = {
				ALWAYS_SEARCH_USER_PATHS = NO;
				CLANG_ANALYZER_NONNULL = YES;
				CLANG_ANALYZER_NUMBER_OBJECT_CONVERSION = YES_AGGRESSIVE;
				CLANG_CXX_LANGUAGE_STANDARD = "gnu++14";
				CLANG_CXX_LIBRARY = "libc++";
				CLANG_ENABLE_MODULES = YES;
				CLANG_ENABLE_OBJC_ARC = YES;
				CLANG_WARN_BLOCK_CAPTURE_AUTORELEASING = YES;
				CLANG_WARN_BOOL_CONVERSION = YES;
				CLANG_WARN_COMMA = YES;
				CLANG_WARN_CONSTANT_CONVERSION = YES;
				CLANG_WARN_DIRECT_OBJC_ISA_USAGE = YES_ERROR;
				CLANG_WARN_DOCUMENTATION_COMMENTS = YES;
				CLANG_WARN_EMPTY_BODY = YES;
				CLANG_WARN_ENUM_CONVERSION = YES;
				CLANG_WARN_INFINITE_RECURSION = YES;
				CLANG_WARN_INT_CONVERSION = YES;
				CLANG_WARN_NON_LITERAL_NULL_CONVERSION = YES;
				CLANG_WARN_OBJC_LITERAL_CONVERSION = YES;
				CLANG_WARN_OBJC_ROOT_CLASS = YES_ERROR;
				CLANG_WARN_RANGE_LOOP_ANALYSIS = YES;
				CLANG_WARN_STRICT_PROTOTYPES = YES;
				CLANG_WARN_SUSPICIOUS_MOVE = YES;
				CLANG_WARN_UNGUARDED_AVAILABILITY = YES_AGGRESSIVE;
				CLANG_WARN_UNREACHABLE_CODE = YES;
				CLANG_WARN__DUPLICATE_METHOD_MATCH = YES;
				CODE_SIGN_IDENTITY = "iPhone Developer";
				COPY_PHASE_STRIP = NO;
				DEBUG_INFORMATION_FORMAT = "dwarf-with-dsym";
				ENABLE_NS_ASSERTIONS = NO;
				ENABLE_STRICT_OBJC_MSGSEND = YES;
				GCC_C_LANGUAGE_STANDARD = gnu11;
				GCC_NO_COMMON_BLOCKS = YES;
				GCC_WARN_64_TO_32_BIT_CONVERSION = YES;
				GCC_WARN_ABOUT_RETURN_TYPE = YES_ERROR;
				GCC_WARN_UNDECLARED_SELECTOR = YES;
				GCC_WARN_UNINITIALIZED_AUTOS = YES_AGGRESSIVE;
				GCC_WARN_UNUSED_FUNCTION = YES;
				GCC_WARN_UNUSED_VARIABLE = YES;
				IPHONEOS_DEPLOYMENT_TARGET = 11.0;
				MTL_ENABLE_DEBUG_INFO = NO;
				SDKROOT = iphoneos;
				VALIDATE_PRODUCT = YES;
			};
			name = Release;
		};
		32453B131F7AB24A00E5281E /* Debug */ = {
			isa = XCBuildConfiguration;
			buildSettings = {
				ASSETCATALOG_COMPILER_APPICON_NAME = AppIcon;
				CODE_SIGN_STYLE = Automatic;
				DEVELOPMENT_TEAM = JW8Z5UB37A;
				INFOPLIST_FILE = Lesson_14_Blocks/Info.plist;
				LD_RUNPATH_SEARCH_PATHS = "$(inherited) @executable_path/Frameworks";
				PRODUCT_BUNDLE_IDENTIFIER = "com.andreyproskurin.Lesson-14-Blocks";
				PRODUCT_NAME = "$(TARGET_NAME)";
				TARGETED_DEVICE_FAMILY = "1,2";
			};
			name = Debug;
		};
		32453B141F7AB24A00E5281E /* Release */ = {
			isa = XCBuildConfiguration;
			buildSettings = {
				ASSETCATALOG_COMPILER_APPICON_NAME = AppIcon;
				CODE_SIGN_STYLE = Automatic;
				DEVELOPMENT_TEAM = JW8Z5UB37A;
				INFOPLIST_FILE = Lesson_14_Blocks/Info.plist;
				LD_RUNPATH_SEARCH_PATHS = "$(inherited) @executable_path/Frameworks";
				PRODUCT_BUNDLE_IDENTIFIER = "com.andreyproskurin.Lesson-14-Blocks";
				PRODUCT_NAME = "$(TARGET_NAME)";
				TARGETED_DEVICE_FAMILY = "1,2";
			};
			name = Release;
		};
/* End XCBuildConfiguration section */

/* Begin XCConfigurationList section */
		32453AF71F7AB24A00E5281E /* Build configuration list for PBXProject "Lesson_14_Blocks" */ = {
			isa = XCConfigurationList;
			buildConfigurations = (
				32453B101F7AB24A00E5281E /* Debug */,
				32453B111F7AB24A00E5281E /* Release */,
			);
			defaultConfigurationIsVisible = 0;
			defaultConfigurationName = Release;
		};
		32453B121F7AB24A00E5281E /* Build configuration list for PBXNativeTarget "Lesson_14_Blocks" */ = {
			isa = XCConfigurationList;
			buildConfigurations = (
				32453B131F7AB24A00E5281E /* Debug */,
				32453B141F7AB24A00E5281E /* Release */,
			);
			defaultConfigurationIsVisible = 0;
			defaultConfigurationName = Release;
		};
/* End XCConfigurationList section */
	};
	rootObject = 32453AF41F7AB24A00E5281E /* Project object */;
}
